# This file is automatically @generated by Cargo.
# It is not intended for manual editing.
version = 3

[[package]]
name = "bedrock_cracker"
version = "0.1.0"
dependencies = [
 "java_random",
 "next_long_reverser",
 "num_cpus",
]

[[package]]
name = "hermit-abi"
version = "0.2.6"
source = "registry+https://github.com/rust-lang/crates.io-index"
checksum = "ee512640fe35acbfb4bb779db6f0d80704c2cacfa2e39b601ef3e3f47d1ae4c7"
dependencies = [
 "libc",
]

[[package]]
name = "java_random"
version = "0.1.7"
source = "registry+https://github.com/rust-lang/crates.io-index"
checksum = "79d7bc77998e63629a8512d8c9a60da5a56c15c14fff24ca5b33000127cb8272"

[[package]]
name = "libc"
version = "0.2.140"
source = "registry+https://github.com/rust-lang/crates.io-index"
checksum = "99227334921fae1a979cf0bfdfcc6b3e5ce376ef57e16fb6fb3ea2ed6095f80c"

[[package]]
name = "next_long_reverser"
version = "0.1.0"
source = "registry+https://github.com/rust-lang/crates.io-index"
checksum = "2b48d4026f50c03fa762d4aa98213f3450222c6abdd92df71b6c0189ab2627a4"
dependencies = [
 "java_random",
]

[[package]]
name = "num_cpus"
version = "1.15.0"
source = "registry+https://github.com/rust-lang/crates.io-index"
checksum = "0fac9e2da13b5eb447a6ce3d392f23a29d8694bff781bf03a16cd9ac8697593b"
dependencies = [
 "hermit-abi",
 "libc",
]
