# This file is automatically @generated by Cargo.
# It is not intended for manual editing.
version = 3

[[package]]
name = "bedrock_cracker"
version = "0.1.0"
dependencies = [
 "java_random",
 "next_long_reverser",
]

[[package]]
name = "java_random"
version = "0.1.7"
source = "registry+https://github.com/rust-lang/crates.io-index"
checksum = "79d7bc77998e63629a8512d8c9a60da5a56c15c14fff24ca5b33000127cb8272"

[[package]]
name = "next_long_reverser"
version = "0.1.0"
source = "registry+https://github.com/rust-lang/crates.io-index"
checksum = "2b48d4026f50c03fa762d4aa98213f3450222c6abdd92df71b6c0189ab2627a4"
dependencies = [
 "java_random",
]
